lockfileVersion: '9.0'

settings:
  autoInstallPeers: true
  excludeLinksFromLockfile: false

importers:

  .: {}

  apps/_template-field: {}

  apps/admin: {}

  apps/field-boord: {}

  apps/field-veldnotas: {}

  apps/management: {}

  apps/owner: {}

  packages/local-store: {}

  packages/master-data: {}

  packages/schema: {}

  packages/sync:
    devDependencies:
      '@powersync/web':
        specifier: ^1.39.0
        version: 1.39.1(@journeyapps/wa-sqlite@1.7.2)(@powersync/common@1.57.3)
      typescript:
        specifier: ^5.6.0
        version: 5.9.3

  packages/tickets: {}

  packages/ui-field: {}

  packages/ui-office: {}

  services/api: {}

packages:

  '@journeyapps/wa-sqlite@1.7.2':
    resolution: {integrity: sha512-EVRMzqHtHgJBFcTGOgQ5/YlxrYFSXLFFztC5yo6+jQx2mqFR+a1kkLV4IirquiBzIonjmYXfBtvZ26fmI8r9Nw==}

  '@powersync/common@1.57.3':
    resolution: {integrity: sha512-gzXcdfO1EnwXNBITDbnx7oN23d91HjoumS/XzPmVZEwV6S/IBcao/Unv4+aQDvijQVzTtXI+jTl98i9v+TrODQ==}

  '@powersync/web@1.39.1':
    resolution: {integrity: sha512-mu01OE3sQrulRgvDOWw1xRbRbPhJMOfz5sIVIQ2lENGDkqgWdlRhpkHVfeVi80tCZoP/AFYkQAFRszCgzqFUxQ==}
    hasBin: true
    peerDependencies:
      '@journeyapps/wa-sqlite': ^1.5.0
      '@powersync/common': ^1.57.3

  comlink@4.4.2:
    resolution: {integrity: sha512-OxGdvBmJuNKSCMO4NTl1L47VRp6xn2wG4F/2hYzB6tiCb709otOxtEYCSvK80PtjODfXXZu8ds+Nw5kVCjqd2g==}

  commander@12.1.0:
    resolution: {integrity: sha512-Vw8qHK3bZM9y/P10u3Vib8o/DdkvA2OtPtZvD871QKjy74Wj1WSKFILMPRPSdUSx5RFK1arlJzEtA4PkFgnbuA==}
    engines: {node: '>=18'}

  js-logger@1.6.1:
    resolution: {integrity: sha512-yTgMCPXVjhmg28CuUH8CKjU+cIKL/G+zTu4Fn4lQxs8mRFH/03QTNvEFngcxfg/gRDiQAOoyCKmMTOm9ayOzXA==}

  typescript@5.9.3:
    resolution: {integrity: sha512-jl1vZzPDinLr9eUt3J/t7V6FgNEw9QjvBPdysz9KfQDD41fQrC2Y4vKQdiaUpFT4bXlb1RHhLpp8wtm6M5TgSw==}
    engines: {node: '>=14.17'}
    hasBin: true

snapshots:

  '@journeyapps/wa-sqlite@1.7.2': {}

  '@powersync/common@1.57.3':
    dependencies:
      js-logger: 1.6.1

  '@powersync/web@1.39.1(@journeyapps/wa-sqlite@1.7.2)(@powersync/common@1.57.3)':
    dependencies:
      '@journeyapps/wa-sqlite': 1.7.2
      '@powersync/common': 1.57.3
      comlink: 4.4.2
      commander: 12.1.0

  comlink@4.4.2: {}

  commander@12.1.0: {}

  js-logger@1.6.1: {}

  typescript@5.9.3: {}
